
Microsoft Visual Studio Solution File, Format Version 12.00
# Visual Studio Version 16
VisualStudioVersion = 16.0.29409.12
MinimumVisualStudioVersion = 10.0.40219.1
Project("{9A19103F-16F7-4668-BE54-9A1E7A4F7556}") = "CURBE_PQR", "CURBE_PQR\CURBE_PQR.csproj", "{7D0D3253-D370-476B-950E-D4FAD61082BA}"
EndProject
Project("{9A19103F-16F7-4668-BE54-9A1E7A4F7556}") = "Models", "Models\Models.csproj", "{7166D5FF-1F6F-471D-960D-14DAA03B6D7F}"
EndProject
Project("{9A19103F-16F7-4668-BE54-9A1E7A4F7556}") = "BLL", "BLL\BLL.csproj", "{72285BEA-715D-4D7B-9D1B-4D29D0E10639}"
EndProject
Project("{9A19103F-16F7-4668-BE54-9A1E7A4F7556}") = "DAL", "DAL\DAL.csproj", "{5A434EFF-BF71-4EF4-B34B-CC4E272D61AF}"
EndProject
Project("{9A19103F-16F7-4668-BE54-9A1E7A4F7556}") = "Exceptions", "Exceptions\Exceptions.csproj", "{BE932A99-68B5-42B4-B8E9-01727C978549}"
EndProject
Global
	GlobalSection(SolutionConfigurationPlatforms) = preSolution
		Debug|Any CPU = Debug|Any CPU
		Release|Any CPU = Release|Any CPU
	EndGlobalSection
	GlobalSection(ProjectConfigurationPlatforms) = postSolution
		{7D0D3253-D370-476B-950E-D4FAD61082BA}.Debug|Any CPU.ActiveCfg = Debug|Any CPU
		{7D0D3253-D370-476B-950E-D4FAD61082BA}.Debug|Any CPU.Build.0 = Debug|Any CPU
		{7D0D3253-D370-476B-950E-D4FAD61082BA}.Release|Any CPU.ActiveCfg = Release|Any CPU
		{7D0D3253-D370-476B-950E-D4FAD61082BA}.Release|Any CPU.Build.0 = Release|Any CPU
		{7166D5FF-1F6F-471D-960D-14DAA03B6D7F}.Debug|Any CPU.ActiveCfg = Debug|Any CPU
		{7166D5FF-1F6F-471D-960D-14DAA03B6D7F}.Debug|Any CPU.Build.0 = Debug|Any CPU
		{7166D5FF-1F6F-471D-960D-14DAA03B6D7F}.Release|Any CPU.ActiveCfg = Release|Any CPU
		{7166D5FF-1F6F-471D-960D-14DAA03B6D7F}.Release|Any CPU.Build.0 = Release|Any CPU
		{72285BEA-715D-4D7B-9D1B-4D29D0E10639}.Debug|Any CPU.ActiveCfg = Debug|Any CPU
		{72285BEA-715D-4D7B-9D1B-4D29D0E10639}.Debug|Any CPU.Build.0 = Debug|Any CPU
		{72285BEA-715D-4D7B-9D1B-4D29D0E10639}.Release|Any CPU.ActiveCfg = Release|Any CPU
		{72285BEA-715D-4D7B-9D1B-4D29D0E10639}.Release|Any CPU.Build.0 = Release|Any CPU
		{5A434EFF-BF71-4EF4-B34B-CC4E272D61AF}.Debug|Any CPU.ActiveCfg = Debug|Any CPU
		{5A434EFF-BF71-4EF4-B34B-CC4E272D61AF}.Debug|Any CPU.Build.0 = Debug|Any CPU
		{5A434EFF-BF71-4EF4-B34B-CC4E272D61AF}.Release|Any CPU.ActiveCfg = Release|Any CPU
		{5A434EFF-BF71-4EF4-B34B-CC4E272D61AF}.Release|Any CPU.Build.0 = Release|Any CPU
		{BE932A99-68B5-42B4-B8E9-01727C978549}.Debug|Any CPU.ActiveCfg = Debug|Any CPU
		{BE932A99-68B5-42B4-B8E9-01727C978549}.Debug|Any CPU.Build.0 = Debug|Any CPU
		{BE932A99-68B5-42B4-B8E9-01727C978549}.Release|Any CPU.ActiveCfg = Release|Any CPU
		{BE932A99-68B5-42B4-B8E9-01727C978549}.Release|Any CPU.Build.0 = Release|Any CPU
	EndGlobalSection
	GlobalSection(SolutionProperties) = preSolution
		HideSolutionNode = FALSE
	EndGlobalSection
	GlobalSection(ExtensibilityGlobals) = postSolution
		SolutionGuid = {22C01FBA-1728-4304-8604-9F754A2849BE}
	EndGlobalSection
EndGlobal
